<Solution>
  <Project Path="TwitterClone.API/TwitterClone.API.csproj" Id="99bc016e-8c60-495d-82dd-e0ae7b738e5d" />
  <Project Path="TwitterClone.Domain/TwitterClone.Domain.csproj" />
  <Project Path="TwitterClone.Test/TwitterClone.Test.csproj" Id="b87eacf0-2a63-4982-bd52-51930c7ff6ae" />
</Solution>
